
Microsoft Visual Studio Solution File, Format Version 12.00
# Visual Studio Version 16
VisualStudioVersion = 16.0.30711.63
MinimumVisualStudioVersion = 10.0.40219.1
Project("{FAE04EC0-301F-11D3-BF4B-00C04F79EFBC}") = "BelieveOrNot", "BelieveOrNot\BelieveOrNot.csproj", "{2A0D292A-9E6E-44DC-9962-89FF0F49BB13}"
EndProject
Project("{FAE04EC0-301F-11D3-BF4B-00C04F79EFBC}") = "TrustGame2", "TrustGame2\TrustGame2.csproj", "{CDE12E73-8F36-4A02-A061-27DC42F63075}"
EndProject
Project("{FAE04EC0-301F-11D3-BF4B-00C04F79EFBC}") = "TrueFalseLib", "TrueFalse\TrueFalseLib.csproj", "{F9F79A12-A174-4EAE-B567-E361C7A0BA57}"
EndProject
Global
	GlobalSection(SolutionConfigurationPlatforms) = preSolution
		Debug|Any CPU = Debug|Any CPU
		Release|Any CPU = Release|Any CPU
	EndGlobalSection
	GlobalSection(ProjectConfigurationPlatforms) = postSolution
		{2A0D292A-9E6E-44DC-9962-89FF0F49BB13}.Debug|Any CPU.ActiveCfg = Debug|Any CPU
		{2A0D292A-9E6E-44DC-9962-89FF0F49BB13}.Debug|Any CPU.Build.0 = Debug|Any CPU
		{2A0D292A-9E6E-44DC-9962-89FF0F49BB13}.Release|Any CPU.ActiveCfg = Release|Any CPU
		{2A0D292A-9E6E-44DC-9962-89FF0F49BB13}.Release|Any CPU.Build.0 = Release|Any CPU
		{CDE12E73-8F36-4A02-A061-27DC42F63075}.Debug|Any CPU.ActiveCfg = Debug|Any CPU
		{CDE12E73-8F36-4A02-A061-27DC42F63075}.Debug|Any CPU.Build.0 = Debug|Any CPU
		{CDE12E73-8F36-4A02-A061-27DC42F63075}.Release|Any CPU.ActiveCfg = Release|Any CPU
		{CDE12E73-8F36-4A02-A061-27DC42F63075}.Release|Any CPU.Build.0 = Release|Any CPU
		{F9F79A12-A174-4EAE-B567-E361C7A0BA57}.Debug|Any CPU.ActiveCfg = Debug|Any CPU
		{F9F79A12-A174-4EAE-B567-E361C7A0BA57}.Debug|Any CPU.Build.0 = Debug|Any CPU
		{F9F79A12-A174-4EAE-B567-E361C7A0BA57}.Release|Any CPU.ActiveCfg = Release|Any CPU
		{F9F79A12-A174-4EAE-B567-E361C7A0BA57}.Release|Any CPU.Build.0 = Release|Any CPU
	EndGlobalSection
	GlobalSection(SolutionProperties) = preSolution
		HideSolutionNode = FALSE
	EndGlobalSection
	GlobalSection(ExtensibilityGlobals) = postSolution
		SolutionGuid = {BD1C8D12-380B-4E7A-983B-0F46865CC672}
	EndGlobalSection
EndGlobal
